
Microsoft Visual Studio Solution File, Format Version 12.00
# Visual Studio Version 17
VisualStudioVersion = 17.12.35527.113
MinimumVisualStudioVersion = 10.0.40219.1
Project("{FAE04EC0-301F-11D3-BF4B-00C04F79EFBC}") = "OnlineShopping.Data", "OnlineShoppingApi.Data\OnlineShopping.Data.csproj", "{A02E49EE-85BA-4792-B2E2-0397E9A8E59A}"
EndProject
Project("{FAE04EC0-301F-11D3-BF4B-00C04F79EFBC}") = "OnlineShopping.Business", "OnlineShoppingApi.Business\OnlineShopping.Business.csproj", "{D9D70066-170D-4E10-8FA1-14ACFB71D545}"
EndProject
Project("{FAE04EC0-301F-11D3-BF4B-00C04F79EFBC}") = "OnlineShopping.Api", "OnlineShoppingApi.Api\OnlineShopping.Api.csproj", "{15161472-CC3E-4409-9DAB-BC2021531886}"
EndProject
Global
	GlobalSection(SolutionConfigurationPlatforms) = preSolution
		Debug|Any CPU = Debug|Any CPU
		Release|Any CPU = Release|Any CPU
	EndGlobalSection
	GlobalSection(ProjectConfigurationPlatforms) = postSolution
		{A02E49EE-85BA-4792-B2E2-0397E9A8E59A}.Debug|Any CPU.ActiveCfg = Debug|Any CPU
		{A02E49EE-85BA-4792-B2E2-0397E9A8E59A}.Debug|Any CPU.Build.0 = Debug|Any CPU
		{A02E49EE-85BA-4792-B2E2-0397E9A8E59A}.Release|Any CPU.ActiveCfg = Release|Any CPU
		{A02E49EE-85BA-4792-B2E2-0397E9A8E59A}.Release|Any CPU.Build.0 = Release|Any CPU
		{D9D70066-170D-4E10-8FA1-14ACFB71D545}.Debug|Any CPU.ActiveCfg = Debug|Any CPU
		{D9D70066-170D-4E10-8FA1-14ACFB71D545}.Debug|Any CPU.Build.0 = Debug|Any CPU
		{D9D70066-170D-4E10-8FA1-14ACFB71D545}.Release|Any CPU.ActiveCfg = Release|Any CPU
		{D9D70066-170D-4E10-8FA1-14ACFB71D545}.Release|Any CPU.Build.0 = Release|Any CPU
		{15161472-CC3E-4409-9DAB-BC2021531886}.Debug|Any CPU.ActiveCfg = Debug|Any CPU
		{15161472-CC3E-4409-9DAB-BC2021531886}.Debug|Any CPU.Build.0 = Debug|Any CPU
		{15161472-CC3E-4409-9DAB-BC2021531886}.Release|Any CPU.ActiveCfg = Release|Any CPU
		{15161472-CC3E-4409-9DAB-BC2021531886}.Release|Any CPU.Build.0 = Release|Any CPU
	EndGlobalSection
	GlobalSection(SolutionProperties) = preSolution
		HideSolutionNode = FALSE
	EndGlobalSection
EndGlobal
